// !$*UTF8*$!
{
	archiveVersion = 1;
	classes = {
	};
	objectVersion = 56;
	objects = {

/* Begin PBXBuildFile section */
		D13976082E80A18C00E418F2 /* Jramirez431.cpp in Sources */ = {isa = PBXBuildFile; fileRef = D13976072E80A18C00E418F2 /* Jramirez431.cpp */; };
		D139761B2E80A1AD00E418F2 /* Makefile in Sources */ = {isa = PBXBuildFile; fileRef = D139760E2E80A1AD00E418F2 /* Makefile */; };
/* End PBXBuildFile section */

/* Begin PBXCopyFilesBuildPhase section */
		D13976022E80A18C00E418F2 /* CopyFiles */ = {
			isa = PBXCopyFilesBuildPhase;
			buildActionMask = 2147483647;
			dstPath = /usr/share/man/man1/;
			dstSubfolderSpec = 0;
			files = (
			);
			runOnlyForDeploymentPostprocessing = 1;
		};
/* End PBXCopyFilesBuildPhase section */

/* Begin PBXFileReference section */
		D13976042E80A18C00E418F2 /* Lab02_ */ = {isa = PBXFileReference; explicitFileType = "compiled.mach-o.executable"; includeInIndex = 0; path = Lab02_; sourceTree = BUILT_PRODUCTS_DIR; };
		D13976072E80A18C00E418F2 /* Jramirez431.cpp */ = {isa = PBXFileReference; lastKnownFileType = sourcecode.cpp.cpp; path = Jramirez431.cpp; sourceTree = "<group>"; };
		D139760E2E80A1AD00E418F2 /* Makefile */ = {isa = PBXFileReference; fileEncoding = 4; lastKnownFileType = sourcecode.make; name = Makefile; path = ../../Lab02/Makefile; sourceTree = "<group>"; };
		D139760F2E80A1AD00E418F2 /* o1 */ = {isa = PBXFileReference; fileEncoding = 4; lastKnownFileType = text; path = o1; sourceTree = "<group>"; };
		D13976102E80A1AD00E418F2 /* o2 */ = {isa = PBXFileReference; fileEncoding = 4; lastKnownFileType = text; path = o2; sourceTree = "<group>"; };
		D13976112E80A1AD00E418F2 /* o3 */ = {isa = PBXFileReference; fileEncoding = 4; lastKnownFileType = text; path = o3; sourceTree = "<group>"; };
		D13976122E80A1AD00E418F2 /* o4 */ = {isa = PBXFileReference; fileEncoding = 4; lastKnownFileType = text; path = o4; sourceTree = "<group>"; };
		D13976132E80A1AD00E418F2 /* o5 */ = {isa = PBXFileReference; fileEncoding = 4; lastKnownFileType = text; path = o5; sourceTree = "<group>"; };
		D13976142E80A1AD00E418F2 /* t1 */ = {isa = PBXFileReference; fileEncoding = 4; lastKnownFileType = text; path = t1; sourceTree = "<group>"; };
		D13976152E80A1AD00E418F2 /* t2 */ = {isa = PBXFileReference; fileEncoding = 4; lastKnownFileType = text; path = t2; sourceTree = "<group>"; };
		D13976162E80A1AD00E418F2 /* t3 */ = {isa = PBXFileReference; fileEncoding = 4; lastKnownFileType = text; path = t3; sourceTree = "<group>"; };
		D13976172E80A1AD00E418F2 /* t4 */ = {isa = PBXFileReference; fileEncoding = 4; lastKnownFileType = text; path = t4; sourceTree = "<group>"; };
		D13976182E80A1AD00E418F2 /* t5 */ = {isa = PBXFileReference; fileEncoding = 4; lastKnownFileType = text; path = t5; sourceTree = "<group>"; };
		D139761A2E80A1AD00E418F2 /* Grade */ = {isa = PBXFileReference; fileEncoding = 4; lastKnownFileType = text.script.sh; name = Grade; path = ../../Lab02/Grade; sourceTree = "<group>"; };
/* End PBXFileReference section */

/* Begin PBXFrameworksBuildPhase section */
		D13976012E80A18C00E418F2 /* Frameworks */ = {
			isa = PBXFrameworksBuildPhase;
			buildActionMask = 2147483647;
			files = (
			);
			runOnlyForDeploymentPostprocessing = 0;
		};
/* End PBXFrameworksBuildPhase section */

/* Begin PBXGroup section */
		D13975FB2E80A18C00E418F2 = {
			isa = PBXGroup;
			children = (
				D13976062E80A18C00E418F2 /* Lab02_ */,
				D13976052E80A18C00E418F2 /* Products */,
			);
			sourceTree = "<group>";
		};
		D13976052E80A18C00E418F2 /* Products */ = {
			isa = PBXGroup;
			children = (
				D13976042E80A18C00E418F2 /* Lab02_ */,
			);
			name = Products;
			sourceTree = "<group>";
		};
		D13976062E80A18C00E418F2 /* Lab02_ */ = {
			isa = PBXGroup;
			children = (
				D13976072E80A18C00E418F2 /* Jramirez431.cpp */,
				D139761A2E80A1AD00E418F2 /* Grade */,
				D139760E2E80A1AD00E418F2 /* Makefile */,
				D13976192E80A1AD00E418F2 /* testfiles */,
			);
			path = Lab02_;
			sourceTree = "<group>";
		};
		D13976192E80A1AD00E418F2 /* testfiles */ = {
			isa = PBXGroup;
			children = (
				D139760F2E80A1AD00E418F2 /* o1 */,
				D13976102E80A1AD00E418F2 /* o2 */,
				D13976112E80A1AD00E418F2 /* o3 */,
				D13976122E80A1AD00E418F2 /* o4 */,
				D13976132E80A1AD00E418F2 /* o5 */,
				D13976142E80A1AD00E418F2 /* t1 */,
				D13976152E80A1AD00E418F2 /* t2 */,
				D13976162E80A1AD00E418F2 /* t3 */,
				D13976172E80A1AD00E418F2 /* t4 */,
				D13976182E80A1AD00E418F2 /* t5 */,
			);
			name = testfiles;
			path = ../../Lab02/testfiles;
			sourceTree = "<group>";
		};
/* End PBXGroup section */

/* Begin PBXNativeTarget section */
		D13976032E80A18C00E418F2 /* Lab02_ */ = {
			isa = PBXNativeTarget;
			buildConfigurationList = D139760B2E80A18C00E418F2 /* Build configuration list for PBXNativeTarget "Lab02_" */;
			buildPhases = (
				D13976002E80A18C00E418F2 /* Sources */,
				D13976012E80A18C00E418F2 /* Frameworks */,
				D13976022E80A18C00E418F2 /* CopyFiles */,
			);
			buildRules = (
			);
			dependencies = (
			);
			name = Lab02_;
			productName = Lab02_;
			productReference = D13976042E80A18C00E418F2 /* Lab02_ */;
			productType = "com.apple.product-type.tool";
		};
/* End PBXNativeTarget section */

/* Begin PBXProject section */
		D13975FC2E80A18C00E418F2 /* Project object */ = {
			isa = PBXProject;
			attributes = {
				BuildIndependentTargetsInParallel = 1;
				LastUpgradeCheck = 1530;
				TargetAttributes = {
					D13976032E80A18C00E418F2 = {
						CreatedOnToolsVersion = 15.3;
					};
				};
			};
			buildConfigurationList = D13975FF2E80A18C00E418F2 /* Build configuration list for PBXProject "Lab02_" */;
			compatibilityVersion = "Xcode 14.0";
			developmentRegion = en;
			hasScannedForEncodings = 0;
			knownRegions = (
				en,
				Base,
			);
			mainGroup = D13975FB2E80A18C00E418F2;
			productRefGroup = D13976052E80A18C00E418F2 /* Products */;
			projectDirPath = "";
			projectRoot = "";
			targets = (
				D13976032E80A18C00E418F2 /* Lab02_ */,
			);
		};
/* End PBXProject section */

/* Begin PBXSourcesBuildPhase section */
		D13976002E80A18C00E418F2 /* Sources */ = {
			isa = PBXSourcesBuildPhase;
			buildActionMask = 2147483647;
			files = (
				D139761B2E80A1AD00E418F2 /* Makefile in Sources */,
				D13976082E80A18C00E418F2 /* Jramirez431.cpp in Sources */,
			);
			runOnlyForDeploymentPostprocessing = 0;
		};
/* End PBXSourcesBuildPhase section */

/* Begin XCBuildConfiguration section */
		D13976092E80A18C00E418F2 /* Debug */ = {
			isa = XCBuildConfiguration;
			buildSettings = {
				ALWAYS_SEARCH_USER_PATHS = NO;
				ASSETCATALOG_COMPILER_GENERATE_SWIFT_ASSET_SYMBOL_EXTENSIONS = YES;
				CLANG_ANALYZER_NONNULL = YES;
				CLANG_ANALYZER_NUMBER_OBJECT_CONVERSION = YES_AGGRESSIVE;
				CLANG_CXX_LANGUAGE_STANDARD = "gnu++20";
				CLANG_ENABLE_MODULES = YES;
				CLANG_ENABLE_OBJC_ARC = YES;
				CLANG_ENABLE_OBJC_WEAK = YES;
				CLANG_WARN_BLOCK_CAPTURE_AUTORELEASING = YES;
				CLANG_WARN_BOOL_CONVERSION = YES;
				CLANG_WARN_COMMA = YES;
				CLANG_WARN_CONSTANT_CONVERSION = YES;
				CLANG_WARN_DEPRECATED_OBJC_IMPLEMENTATIONS = YES;
				CLANG_WARN_DIRECT_OBJC_ISA_USAGE = YES_ERROR;
				CLANG_WARN_DOCUMENTATION_COMMENTS = YES;
				CLANG_WARN_EMPTY_BODY = YES;
				CLANG_WARN_ENUM_CONVERSION = YES;
				CLANG_WARN_INFINITE_RECURSION = YES;
				CLANG_WARN_INT_CONVERSION = YES;
				CLANG_WARN_NON_LITERAL_NULL_CONVERSION = YES;
				CLANG_WARN_OBJC_IMPLICIT_RETAIN_SELF = YES;
				CLANG_WARN_OBJC_LITERAL_CONVERSION = YES;
				CLANG_WARN_OBJC_ROOT_CLASS = YES_ERROR;
				CLANG_WARN_QUOTED_INCLUDE_IN_FRAMEWORK_HEADER = YES;
				CLANG_WARN_RANGE_LOOP_ANALYSIS = YES;
				CLANG_WARN_STRICT_PROTOTYPES = YES;
				CLANG_WARN_SUSPICIOUS_MOVE = YES;
				CLANG_WARN_UNGUARDED_AVAILABILITY = YES_AGGRESSIVE;
				CLANG_WARN_UNREACHABLE_CODE = YES;
				CLANG_WARN__DUPLICATE_METHOD_MATCH = YES;
				COPY_PHASE_STRIP = NO;
				DEBUG_INFORMATION_FORMAT = dwarf;
				ENABLE_STRICT_OBJC_MSGSEND = YES;
				ENABLE_TESTABILITY = YES;
				ENABLE_USER_SCRIPT_SANDBOXING = YES;
				GCC_C_LANGUAGE_STANDARD = gnu17;
				GCC_DYNAMIC_NO_PIC = NO;
				GCC_NO_COMMON_BLOCKS = YES;
				GCC_OPTIMIZATION_LEVEL = 0;
				GCC_PREPROCESSOR_DEFINITIONS = (
					"DEBUG=1",
					"$(inherited)",
				);
				GCC_WARN_64_TO_32_BIT_CONVERSION = YES;
				GCC_WARN_ABOUT_RETURN_TYPE = YES_ERROR;
				GCC_WARN_UNDECLARED_SELECTOR = YES;
				GCC_WARN_UNINITIALIZED_AUTOS = YES_AGGRESSIVE;
				GCC_WARN_UNUSED_FUNCTION = YES;
				GCC_WARN_UNUSED_VARIABLE = YES;
				LOCALIZATION_PREFERS_STRING_CATALOGS = YES;
				MACOSX_DEPLOYMENT_TARGET = 14.2;
				MTL_ENABLE_DEBUG_INFO = INCLUDE_SOURCE;
				MTL_FAST_MATH = YES;
				ONLY_ACTIVE_ARCH = YES;
				SDKROOT = macosx;
			};
			name = Debug;
		};
		D139760A2E80A18C00E418F2 /* Release */ = {
			isa = XCBuildConfiguration;
			buildSettings = {
				ALWAYS_SEARCH_USER_PATHS = NO;
				ASSETCATALOG_COMPILER_GENERATE_SWIFT_ASSET_SYMBOL_EXTENSIONS = YES;
				CLANG_ANALYZER_NONNULL = YES;
				CLANG_ANALYZER_NUMBER_OBJECT_CONVERSION = YES_AGGRESSIVE;
				CLANG_CXX_LANGUAGE_STANDARD = "gnu++20";
				CLANG_ENABLE_MODULES = YES;
				CLANG_ENABLE_OBJC_ARC = YES;
				CLANG_ENABLE_OBJC_WEAK = YES;
				CLANG_WARN_BLOCK_CAPTURE_AUTORELEASING = YES;
				CLANG_WARN_BOOL_CONVERSION = YES;
				CLANG_WARN_COMMA = YES;
				CLANG_WARN_CONSTANT_CONVERSION = YES;
				CLANG_WARN_DEPRECATED_OBJC_IMPLEMENTATIONS = YES;
				CLANG_WARN_DIRECT_OBJC_ISA_USAGE = YES_ERROR;
				CLANG_WARN_DOCUMENTATION_COMMENTS = YES;
				CLANG_WARN_EMPTY_BODY = YES;
				CLANG_WARN_ENUM_CONVERSION = YES;
				CLANG_WARN_INFINITE_RECURSION = YES;
				CLANG_WARN_INT_CONVERSION = YES;
				CLANG_WARN_NON_LITERAL_NULL_CONVERSION = YES;
				CLANG_WARN_OBJC_IMPLICIT_RETAIN_SELF = YES;
				CLANG_WARN_OBJC_LITERAL_CONVERSION = YES;
				CLANG_WARN_OBJC_ROOT_CLASS = YES_ERROR;
				CLANG_WARN_QUOTED_INCLUDE_IN_FRAMEWORK_HEADER = YES;
				CLANG_WARN_RANGE_LOOP_ANALYSIS = YES;
				CLANG_WARN_STRICT_PROTOTYPES = YES;
				CLANG_WARN_SUSPICIOUS_MOVE = YES;
				CLANG_WARN_UNGUARDED_AVAILABILITY = YES_AGGRESSIVE;
				CLANG_WARN_UNREACHABLE_CODE = YES;
				CLANG_WARN__DUPLICATE_METHOD_MATCH = YES;
				COPY_PHASE_STRIP = NO;
				DEBUG_INFORMATION_FORMAT = "dwarf-with-dsym";
				ENABLE_NS_ASSERTIONS = NO;
				ENABLE_STRICT_OBJC_MSGSEND = YES;
				ENABLE_USER_SCRIPT_SANDBOXING = YES;
				GCC_C_LANGUAGE_STANDARD = gnu17;
				GCC_NO_COMMON_BLOCKS = YES;
				GCC_WARN_64_TO_32_BIT_CONVERSION = YES;
				GCC_WARN_ABOUT_RETURN_TYPE = YES_ERROR;
				GCC_WARN_UNDECLARED_SELECTOR = YES;
				GCC_WARN_UNINITIALIZED_AUTOS = YES_AGGRESSIVE;
				GCC_WARN_UNUSED_FUNCTION = YES;
				GCC_WARN_UNUSED_VARIABLE = YES;
				LOCALIZATION_PREFERS_STRING_CATALOGS = YES;
				MACOSX_DEPLOYMENT_TARGET = 14.2;
				MTL_ENABLE_DEBUG_INFO = NO;
				MTL_FAST_MATH = YES;
				SDKROOT = macosx;
			};
			name = Release;
		};
		D139760C2E80A18C00E418F2 /* Debug */ = {
			isa = XCBuildConfiguration;
			buildSettings = {
				CODE_SIGN_STYLE = Automatic;
				PRODUCT_NAME = "$(TARGET_NAME)";
			};
			name = Debug;
		};
		D139760D2E80A18C00E418F2 /* Release */ = {
			isa = XCBuildConfiguration;
			buildSettings = {
				CODE_SIGN_STYLE = Automatic;
				PRODUCT_NAME = "$(TARGET_NAME)";
			};
			name = Release;
		};
/* End XCBuildConfiguration section */

/* Begin XCConfigurationList section */
		D13975FF2E80A18C00E418F2 /* Build configuration list for PBXProject "Lab02_" */ = {
			isa = XCConfigurationList;
			buildConfigurations = (
				D13976092E80A18C00E418F2 /* Debug */,
				D139760A2E80A18C00E418F2 /* Release */,
			);
			defaultConfigurationIsVisible = 0;
			defaultConfigurationName = Release;
		};
		D139760B2E80A18C00E418F2 /* Build configuration list for PBXNativeTarget "Lab02_" */ = {
			isa = XCConfigurationList;
			buildConfigurations = (
				D139760C2E80A18C00E418F2 /* Debug */,
				D139760D2E80A18C00E418F2 /* Release */,
			);
			defaultConfigurationIsVisible = 0;
			defaultConfigurationName = Release;
		};
/* End XCConfigurationList section */
	};
	rootObject = D13975FC2E80A18C00E418F2 /* Project object */;
}
