// !$*UTF8*$!
{
	archiveVersion = 1;
	classes = {
	};
	objectVersion = 56;
	objects = {

/* Begin PBXBuildFile section */
		D14F3E522EA8277B008B2FB8 /* jramirez431.cpp in Sources */ = {isa = PBXBuildFile; fileRef = D14F3E512EA8277B008B2FB8 /* jramirez431.cpp */; };
		D1FC28A12E93106C00CD88E6 /* Makefile in Sources */ = {isa = PBXBuildFile; fileRef = D1FC289F2E93106C00CD88E6 /* Makefile */; };
/* End PBXBuildFile section */

/* Begin PBXCopyFilesBuildPhase section */
		D1B1307D2E728C9F00DA99B8 /* CopyFiles */ = {
			isa = PBXCopyFilesBuildPhase;
			buildActionMask = 2147483647;
			dstPath = /usr/share/man/man1/;
			dstSubfolderSpec = 0;
			files = (
			);
			runOnlyForDeploymentPostprocessing = 1;
		};
/* End PBXCopyFilesBuildPhase section */

/* Begin PBXFileReference section */
		D14F3E512EA8277B008B2FB8 /* jramirez431.cpp */ = {isa = PBXFileReference; lastKnownFileType = sourcecode.cpp.cpp; path = jramirez431.cpp; sourceTree = "<group>"; };
		D1B1307F2E728CA000DA99B8 /* CSE-100 */ = {isa = PBXFileReference; explicitFileType = "compiled.mach-o.executable"; includeInIndex = 0; path = "CSE-100"; sourceTree = BUILT_PRODUCTS_DIR; };
		D1FC28932E93106C00CD88E6 /* o1 */ = {isa = PBXFileReference; fileEncoding = 4; lastKnownFileType = text; path = o1; sourceTree = "<group>"; };
		D1FC28942E93106C00CD88E6 /* o2 */ = {isa = PBXFileReference; fileEncoding = 4; lastKnownFileType = text; path = o2; sourceTree = "<group>"; };
		D1FC28952E93106C00CD88E6 /* o3 */ = {isa = PBXFileReference; fileEncoding = 4; lastKnownFileType = text; path = o3; sourceTree = "<group>"; };
		D1FC28962E93106C00CD88E6 /* o4 */ = {isa = PBXFileReference; fileEncoding = 4; lastKnownFileType = text; path = o4; sourceTree = "<group>"; };
		D1FC28972E93106C00CD88E6 /* o5 */ = {isa = PBXFileReference; fileEncoding = 4; lastKnownFileType = text; path = o5; sourceTree = "<group>"; };
		D1FC28982E93106C00CD88E6 /* t1 */ = {isa = PBXFileReference; fileEncoding = 4; lastKnownFileType = text; path = t1; sourceTree = "<group>"; };
		D1FC28992E93106C00CD88E6 /* t2 */ = {isa = PBXFileReference; fileEncoding = 4; lastKnownFileType = text; path = t2; sourceTree = "<group>"; };
		D1FC289A2E93106C00CD88E6 /* t3 */ = {isa = PBXFileReference; fileEncoding = 4; lastKnownFileType = text; path = t3; sourceTree = "<group>"; };
		D1FC289B2E93106C00CD88E6 /* t4 */ = {isa = PBXFileReference; fileEncoding = 4; lastKnownFileType = text; path = t4; sourceTree = "<group>"; };
		D1FC289C2E93106C00CD88E6 /* t5 */ = {isa = PBXFileReference; fileEncoding = 4; lastKnownFileType = text; path = t5; sourceTree = "<group>"; };
		D1FC289E2E93106C00CD88E6 /* Grade */ = {isa = PBXFileReference; fileEncoding = 4; lastKnownFileType = text.script.sh; path = Grade; sourceTree = "<group>"; };
		D1FC289F2E93106C00CD88E6 /* Makefile */ = {isa = PBXFileReference; fileEncoding = 4; lastKnownFileType = sourcecode.make; path = Makefile; sourceTree = "<group>"; };
/* End PBXFileReference section */

/* Begin PBXFrameworksBuildPhase section */
		D1B1307C2E728C9F00DA99B8 /* Frameworks */ = {
			isa = PBXFrameworksBuildPhase;
			buildActionMask = 2147483647;
			files = (
			);
			runOnlyForDeploymentPostprocessing = 0;
		};
/* End PBXFrameworksBuildPhase section */

/* Begin PBXGroup section */
		D1B130762E728C9F00DA99B8 = {
			isa = PBXGroup;
			children = (
				D1B130812E728CA000DA99B8 /* CSE-100 */,
				D1B130802E728CA000DA99B8 /* Products */,
			);
			sourceTree = "<group>";
		};
		D1B130802E728CA000DA99B8 /* Products */ = {
			isa = PBXGroup;
			children = (
				D1B1307F2E728CA000DA99B8 /* CSE-100 */,
			);
			name = Products;
			sourceTree = "<group>";
		};
		D1B130812E728CA000DA99B8 /* CSE-100 */ = {
			isa = PBXGroup;
			children = (
				D1FC28A02E93106C00CD88E6 /* Lab04-1-2 */,
			);
			path = "CSE-100";
			sourceTree = "<group>";
		};
		D1FC289D2E93106C00CD88E6 /* testfiles */ = {
			isa = PBXGroup;
			children = (
				D1FC28932E93106C00CD88E6 /* o1 */,
				D1FC28942E93106C00CD88E6 /* o2 */,
				D1FC28952E93106C00CD88E6 /* o3 */,
				D1FC28962E93106C00CD88E6 /* o4 */,
				D1FC28972E93106C00CD88E6 /* o5 */,
				D1FC28982E93106C00CD88E6 /* t1 */,
				D1FC28992E93106C00CD88E6 /* t2 */,
				D1FC289A2E93106C00CD88E6 /* t3 */,
				D1FC289B2E93106C00CD88E6 /* t4 */,
				D1FC289C2E93106C00CD88E6 /* t5 */,
			);
			path = testfiles;
			sourceTree = "<group>";
		};
		D1FC28A02E93106C00CD88E6 /* Lab04-1-2 */ = {
			isa = PBXGroup;
			children = (
				D1FC289D2E93106C00CD88E6 /* testfiles */,
				D1FC289E2E93106C00CD88E6 /* Grade */,
				D1FC289F2E93106C00CD88E6 /* Makefile */,
				D14F3E512EA8277B008B2FB8 /* jramirez431.cpp */,
			);
			name = "Lab04-1-2";
			path = "../../Downloads/Lab04-1-2";
			sourceTree = "<group>";
		};
/* End PBXGroup section */

/* Begin PBXNativeTarget section */
		D1B1307E2E728C9F00DA99B8 /* CSE-100 */ = {
			isa = PBXNativeTarget;
			buildConfigurationList = D1B130862E728CA000DA99B8 /* Build configuration list for PBXNativeTarget "CSE-100" */;
			buildPhases = (
				D1B1307B2E728C9F00DA99B8 /* Sources */,
				D1B1307C2E728C9F00DA99B8 /* Frameworks */,
				D1B1307D2E728C9F00DA99B8 /* CopyFiles */,
			);
			buildRules = (
			);
			dependencies = (
			);
			name = "CSE-100";
			productName = "CSE-100";
			productReference = D1B1307F2E728CA000DA99B8 /* CSE-100 */;
			productType = "com.apple.product-type.tool";
		};
/* End PBXNativeTarget section */

/* Begin PBXProject section */
		D1B130772E728C9F00DA99B8 /* Project object */ = {
			isa = PBXProject;
			attributes = {
				BuildIndependentTargetsInParallel = 1;
				LastUpgradeCheck = 1530;
				TargetAttributes = {
					D1B1307E2E728C9F00DA99B8 = {
						CreatedOnToolsVersion = 15.3;
					};
				};
			};
			buildConfigurationList = D1B1307A2E728C9F00DA99B8 /* Build configuration list for PBXProject "CSE-100" */;
			compatibilityVersion = "Xcode 14.0";
			developmentRegion = en;
			hasScannedForEncodings = 0;
			knownRegions = (
				en,
				Base,
			);
			mainGroup = D1B130762E728C9F00DA99B8;
			productRefGroup = D1B130802E728CA000DA99B8 /* Products */;
			projectDirPath = "";
			projectRoot = "";
			targets = (
				D1B1307E2E728C9F00DA99B8 /* CSE-100 */,
			);
		};
/* End PBXProject section */

/* Begin PBXSourcesBuildPhase section */
		D1B1307B2E728C9F00DA99B8 /* Sources */ = {
			isa = PBXSourcesBuildPhase;
			buildActionMask = 2147483647;
			files = (
				D14F3E522EA8277B008B2FB8 /* jramirez431.cpp in Sources */,
				D1FC28A12E93106C00CD88E6 /* Makefile in Sources */,
			);
			runOnlyForDeploymentPostprocessing = 0;
		};
/* End PBXSourcesBuildPhase section */

/* Begin XCBuildConfiguration section */
		D1B130842E728CA000DA99B8 /* Debug */ = {
			isa = XCBuildConfiguration;
			buildSettings = {
				ALWAYS_SEARCH_USER_PATHS = NO;
				ASSETCATALOG_COMPILER_GENERATE_SWIFT_ASSET_SYMBOL_EXTENSIONS = YES;
				CLANG_ANALYZER_NONNULL = YES;
				CLANG_ANALYZER_NUMBER_OBJECT_CONVERSION = YES_AGGRESSIVE;
				CLANG_CXX_LANGUAGE_STANDARD = "gnu++20";
				CLANG_ENABLE_MODULES = YES;
				CLANG_ENABLE_OBJC_ARC = YES;
				CLANG_ENABLE_OBJC_WEAK = YES;
				CLANG_WARN_BLOCK_CAPTURE_AUTORELEASING = YES;
				CLANG_WARN_BOOL_CONVERSION = YES;
				CLANG_WARN_COMMA = YES;
				CLANG_WARN_CONSTANT_CONVERSION = YES;
				CLANG_WARN_DEPRECATED_OBJC_IMPLEMENTATIONS = YES;
				CLANG_WARN_DIRECT_OBJC_ISA_USAGE = YES_ERROR;
				CLANG_WARN_DOCUMENTATION_COMMENTS = YES;
				CLANG_WARN_EMPTY_BODY = YES;
				CLANG_WARN_ENUM_CONVERSION = YES;
				CLANG_WARN_INFINITE_RECURSION = YES;
				CLANG_WARN_INT_CONVERSION = YES;
				CLANG_WARN_NON_LITERAL_NULL_CONVERSION = YES;
				CLANG_WARN_OBJC_IMPLICIT_RETAIN_SELF = YES;
				CLANG_WARN_OBJC_LITERAL_CONVERSION = YES;
				CLANG_WARN_OBJC_ROOT_CLASS = YES_ERROR;
				CLANG_WARN_QUOTED_INCLUDE_IN_FRAMEWORK_HEADER = YES;
				CLANG_WARN_RANGE_LOOP_ANALYSIS = YES;
				CLANG_WARN_STRICT_PROTOTYPES = YES;
				CLANG_WARN_SUSPICIOUS_MOVE = YES;
				CLANG_WARN_UNGUARDED_AVAILABILITY = YES_AGGRESSIVE;
				CLANG_WARN_UNREACHABLE_CODE = YES;
				CLANG_WARN__DUPLICATE_METHOD_MATCH = YES;
				COPY_PHASE_STRIP = NO;
				DEBUG_INFORMATION_FORMAT = dwarf;
				ENABLE_STRICT_OBJC_MSGSEND = YES;
				ENABLE_TESTABILITY = YES;
				ENABLE_USER_SCRIPT_SANDBOXING = YES;
				GCC_C_LANGUAGE_STANDARD = gnu17;
				GCC_DYNAMIC_NO_PIC = NO;
				GCC_NO_COMMON_BLOCKS = YES;
				GCC_OPTIMIZATION_LEVEL = 0;
				GCC_PREPROCESSOR_DEFINITIONS = (
					"DEBUG=1",
					"$(inherited)",
				);
				GCC_WARN_64_TO_32_BIT_CONVERSION = YES;
				GCC_WARN_ABOUT_RETURN_TYPE = YES_ERROR;
				GCC_WARN_UNDECLARED_SELECTOR = YES;
				GCC_WARN_UNINITIALIZED_AUTOS = YES_AGGRESSIVE;
				GCC_WARN_UNUSED_FUNCTION = YES;
				GCC_WARN_UNUSED_VARIABLE = YES;
				LOCALIZATION_PREFERS_STRING_CATALOGS = YES;
				MACOSX_DEPLOYMENT_TARGET = 14.2;
				MTL_ENABLE_DEBUG_INFO = INCLUDE_SOURCE;
				MTL_FAST_MATH = YES;
				ONLY_ACTIVE_ARCH = YES;
				SDKROOT = macosx;
			};
			name = Debug;
		};
		D1B130852E728CA000DA99B8 /* Release */ = {
			isa = XCBuildConfiguration;
			buildSettings = {
				ALWAYS_SEARCH_USER_PATHS = NO;
				ASSETCATALOG_COMPILER_GENERATE_SWIFT_ASSET_SYMBOL_EXTENSIONS = YES;
				CLANG_ANALYZER_NONNULL = YES;
				CLANG_ANALYZER_NUMBER_OBJECT_CONVERSION = YES_AGGRESSIVE;
				CLANG_CXX_LANGUAGE_STANDARD = "gnu++20";
				CLANG_ENABLE_MODULES = YES;
				CLANG_ENABLE_OBJC_ARC = YES;
				CLANG_ENABLE_OBJC_WEAK = YES;
				CLANG_WARN_BLOCK_CAPTURE_AUTORELEASING = YES;
				CLANG_WARN_BOOL_CONVERSION = YES;
				CLANG_WARN_COMMA = YES;
				CLANG_WARN_CONSTANT_CONVERSION = YES;
				CLANG_WARN_DEPRECATED_OBJC_IMPLEMENTATIONS = YES;
				CLANG_WARN_DIRECT_OBJC_ISA_USAGE = YES_ERROR;
				CLANG_WARN_DOCUMENTATION_COMMENTS = YES;
				CLANG_WARN_EMPTY_BODY = YES;
				CLANG_WARN_ENUM_CONVERSION = YES;
				CLANG_WARN_INFINITE_RECURSION = YES;
				CLANG_WARN_INT_CONVERSION = YES;
				CLANG_WARN_NON_LITERAL_NULL_CONVERSION = YES;
				CLANG_WARN_OBJC_IMPLICIT_RETAIN_SELF = YES;
				CLANG_WARN_OBJC_LITERAL_CONVERSION = YES;
				CLANG_WARN_OBJC_ROOT_CLASS = YES_ERROR;
				CLANG_WARN_QUOTED_INCLUDE_IN_FRAMEWORK_HEADER = YES;
				CLANG_WARN_RANGE_LOOP_ANALYSIS = YES;
				CLANG_WARN_STRICT_PROTOTYPES = YES;
				CLANG_WARN_SUSPICIOUS_MOVE = YES;
				CLANG_WARN_UNGUARDED_AVAILABILITY = YES_AGGRESSIVE;
				CLANG_WARN_UNREACHABLE_CODE = YES;
				CLANG_WARN__DUPLICATE_METHOD_MATCH = YES;
				COPY_PHASE_STRIP = NO;
				DEBUG_INFORMATION_FORMAT = "dwarf-with-dsym";
				ENABLE_NS_ASSERTIONS = NO;
				ENABLE_STRICT_OBJC_MSGSEND = YES;
				ENABLE_USER_SCRIPT_SANDBOXING = YES;
				GCC_C_LANGUAGE_STANDARD = gnu17;
				GCC_NO_COMMON_BLOCKS = YES;
				GCC_WARN_64_TO_32_BIT_CONVERSION = YES;
				GCC_WARN_ABOUT_RETURN_TYPE = YES_ERROR;
				GCC_WARN_UNDECLARED_SELECTOR = YES;
				GCC_WARN_UNINITIALIZED_AUTOS = YES_AGGRESSIVE;
				GCC_WARN_UNUSED_FUNCTION = YES;
				GCC_WARN_UNUSED_VARIABLE = YES;
				LOCALIZATION_PREFERS_STRING_CATALOGS = YES;
				MACOSX_DEPLOYMENT_TARGET = 14.2;
				MTL_ENABLE_DEBUG_INFO = NO;
				MTL_FAST_MATH = YES;
				SDKROOT = macosx;
			};
			name = Release;
		};
		D1B130872E728CA000DA99B8 /* Debug */ = {
			isa = XCBuildConfiguration;
			buildSettings = {
				CODE_SIGN_STYLE = Automatic;
				PRODUCT_NAME = "$(TARGET_NAME)";
			};
			name = Debug;
		};
		D1B130882E728CA000DA99B8 /* Release */ = {
			isa = XCBuildConfiguration;
			buildSettings = {
				CODE_SIGN_STYLE = Automatic;
				PRODUCT_NAME = "$(TARGET_NAME)";
			};
			name = Release;
		};
/* End XCBuildConfiguration section */

/* Begin XCConfigurationList section */
		D1B1307A2E728C9F00DA99B8 /* Build configuration list for PBXProject "CSE-100" */ = {
			isa = XCConfigurationList;
			buildConfigurations = (
				D1B130842E728CA000DA99B8 /* Debug */,
				D1B130852E728CA000DA99B8 /* Release */,
			);
			defaultConfigurationIsVisible = 0;
			defaultConfigurationName = Release;
		};
		D1B130862E728CA000DA99B8 /* Build configuration list for PBXNativeTarget "CSE-100" */ = {
			isa = XCConfigurationList;
			buildConfigurations = (
				D1B130872E728CA000DA99B8 /* Debug */,
				D1B130882E728CA000DA99B8 /* Release */,
			);
			defaultConfigurationIsVisible = 0;
			defaultConfigurationName = Release;
		};
/* End XCConfigurationList section */
	};
	rootObject = D1B130772E728C9F00DA99B8 /* Project object */;
}
